// !$*UTF8*$!
{
	archiveVersion = 1;
	classes = {
	};
	objectVersion = 46;
	objects = {

/* Begin PBXBuildFile section */
		029CF2D31D9DA7900050F8CD /* main.cpp in Sources */ = {isa = PBXBuildFile; fileRef = 029CF2D21D9DA7900050F8CD /* main.cpp */; };
		029CF2DB1D9DA7F50050F8CD /* funciones.cpp in Sources */ = {isa = PBXBuildFile; fileRef = 029CF2D91D9DA7F50050F8CD /* funciones.cpp */; };
/* End PBXBuildFile section */

/* Begin PBXCopyFilesBuildPhase section */
		029CF2CD1D9DA7900050F8CD /* CopyFiles */ = {
			isa = PBXCopyFilesBuildPhase;
			buildActionMask = 2147483647;
			dstPath = /usr/share/man/man1/;
			dstSubfolderSpec = 0;
			files = (
			);
			runOnlyForDeploymentPostprocessing = 1;
		};
/* End PBXCopyFilesBuildPhase section */

/* Begin PBXFileReference section */
		029CF2CF1D9DA7900050F8CD /* Traductor */ = {isa = PBXFileReference; explicitFileType = "compiled.mach-o.executable"; includeInIndex = 0; path = Traductor; sourceTree = BUILT_PRODUCTS_DIR; };
		029CF2D21D9DA7900050F8CD /* main.cpp */ = {isa = PBXFileReference; lastKnownFileType = sourcecode.cpp.cpp; path = main.cpp; sourceTree = "<group>"; };
		029CF2D91D9DA7F50050F8CD /* funciones.cpp */ = {isa = PBXFileReference; fileEncoding = 4; lastKnownFileType = sourcecode.cpp.cpp; path = funciones.cpp; sourceTree = "<group>"; };
		029CF2DA1D9DA7F50050F8CD /* funciones.hpp */ = {isa = PBXFileReference; fileEncoding = 4; lastKnownFileType = sourcecode.cpp.h; path = funciones.hpp; sourceTree = "<group>"; };
/* End PBXFileReference section */

/* Begin PBXFrameworksBuildPhase section */
		029CF2CC1D9DA7900050F8CD /* Frameworks */ = {
			isa = PBXFrameworksBuildPhase;
			buildActionMask = 2147483647;
			files = (
			);
			runOnlyForDeploymentPostprocessing = 0;
		};
/* End PBXFrameworksBuildPhase section */

/* Begin PBXGroup section */
		029CF2C61D9DA7900050F8CD = {
			isa = PBXGroup;
			children = (
				029CF2D11D9DA7900050F8CD /* Traductor */,
				029CF2D01D9DA7900050F8CD /* Products */,
			);
			sourceTree = "<group>";
		};
		029CF2D01D9DA7900050F8CD /* Products */ = {
			isa = PBXGroup;
			children = (
				029CF2CF1D9DA7900050F8CD /* Traductor */,
			);
			name = Products;
			sourceTree = "<group>";
		};
		029CF2D11D9DA7900050F8CD /* Traductor */ = {
			isa = PBXGroup;
			children = (
				029CF2D21D9DA7900050F8CD /* main.cpp */,
				029CF2D91D9DA7F50050F8CD /* funciones.cpp */,
				029CF2DA1D9DA7F50050F8CD /* funciones.hpp */,
			);
			path = Traductor;
			sourceTree = "<group>";
		};
/* End PBXGroup section */

/* Begin PBXNativeTarget section */
		029CF2CE1D9DA7900050F8CD /* Traductor */ = {
			isa = PBXNativeTarget;
			buildConfigurationList = 029CF2D61D9DA7900050F8CD /* Build configuration list for PBXNativeTarget "Traductor" */;
			buildPhases = (
				029CF2CB1D9DA7900050F8CD /* Sources */,
				029CF2CC1D9DA7900050F8CD /* Frameworks */,
				029CF2CD1D9DA7900050F8CD /* CopyFiles */,
			);
			buildRules = (
			);
			dependencies = (
			);
			name = Traductor;
			productName = Traductor;
			productReference = 029CF2CF1D9DA7900050F8CD /* Traductor */;
			productType = "com.apple.product-type.tool";
		};
/* End PBXNativeTarget section */

/* Begin PBXProject section */
		029CF2C71D9DA7900050F8CD /* Project object */ = {
			isa = PBXProject;
			attributes = {
				LastUpgradeCheck = 0800;
				ORGANIZATIONNAME = "Laura Juliana Mora";
				TargetAttributes = {
					029CF2CE1D9DA7900050F8CD = {
						CreatedOnToolsVersion = 8.0;
						ProvisioningStyle = Automatic;
					};
				};
			};
			buildConfigurationList = 029CF2CA1D9DA7900050F8CD /* Build configuration list for PBXProject "Traductor" */;
			compatibilityVersion = "Xcode 3.2";
			developmentRegion = English;
			hasScannedForEncodings = 0;
			knownRegions = (
				en,
			);
			mainGroup = 029CF2C61D9DA7900050F8CD;
			productRefGroup = 029CF2D01D9DA7900050F8CD /* Products */;
			projectDirPath = "";
			projectRoot = "";
			targets = (
				029CF2CE1D9DA7900050F8CD /* Traductor */,
			);
		};
/* End PBXProject section */

/* Begin PBXSourcesBuildPhase section */
		029CF2CB1D9DA7900050F8CD /* Sources */ = {
			isa = PBXSourcesBuildPhase;
			buildActionMask = 2147483647;
			files = (
				029CF2DB1D9DA7F50050F8CD /* funciones.cpp in Sources */,
				029CF2D31D9DA7900050F8CD /* main.cpp in Sources */,
			);
			runOnlyForDeploymentPostprocessing = 0;
		};
/* End PBXSourcesBuildPhase section */

/* Begin XCBuildConfiguration section */
		029CF2D41D9DA7900050F8CD /* Debug */ = {
			isa = XCBuildConfiguration;
			buildSettings = {
				ALWAYS_SEARCH_USER_PATHS = NO;
				CLANG_ANALYZER_NONNULL = YES;
				CLANG_CXX_LANGUAGE_STANDARD = "gnu++0x";
				CLANG_CXX_LIBRARY = "libc++";
				CLANG_ENABLE_MODULES = YES;
				CLANG_ENABLE_OBJC_ARC = YES;
				CLANG_WARN_BOOL_CONVERSION = YES;
				CLANG_WARN_CONSTANT_CONVERSION = YES;
				CLANG_WARN_DIRECT_OBJC_ISA_USAGE = YES_ERROR;
				CLANG_WARN_DOCUMENTATION_COMMENTS = YES;
				CLANG_WARN_EMPTY_BODY = YES;
				CLANG_WARN_ENUM_CONVERSION = YES;
				CLANG_WARN_INFINITE_RECURSION = YES;
				CLANG_WARN_INT_CONVERSION = YES;
				CLANG_WARN_OBJC_ROOT_CLASS = YES_ERROR;
				CLANG_WARN_SUSPICIOUS_MOVES = YES;
				CLANG_WARN_UNREACHABLE_CODE = YES;
				CLANG_WARN__DUPLICATE_METHOD_MATCH = YES;
				CODE_SIGN_IDENTITY = "-";
				COPY_PHASE_STRIP = NO;
				DEBUG_INFORMATION_FORMAT = dwarf;
				ENABLE_STRICT_OBJC_MSGSEND = YES;
				ENABLE_TESTABILITY = YES;
				GCC_C_LANGUAGE_STANDARD = gnu99;
				GCC_DYNAMIC_NO_PIC = NO;
				GCC_NO_COMMON_BLOCKS = YES;
				GCC_OPTIMIZATION_LEVEL = 0;
				GCC_PREPROCESSOR_DEFINITIONS = (
					"DEBUG=1",
					"$(inherited)",
				);
				GCC_WARN_64_TO_32_BIT_CONVERSION = YES;
				GCC_WARN_ABOUT_RETURN_TYPE = YES_ERROR;
				GCC_WARN_UNDECLARED_SELECTOR = YES;
				GCC_WARN_UNINITIALIZED_AUTOS = YES_AGGRESSIVE;
				GCC_WARN_UNUSED_FUNCTION = YES;
				GCC_WARN_UNUSED_VARIABLE = YES;
				MACOSX_DEPLOYMENT_TARGET = 10.12;
				MTL_ENABLE_DEBUG_INFO = YES;
				ONLY_ACTIVE_ARCH = YES;
				SDKROOT = macosx;
			};
			name = Debug;
		};
		029CF2D51D9DA7900050F8CD /* Release */ = {
			isa = XCBuildConfiguration;
			buildSettings = {
				ALWAYS_SEARCH_USER_PATHS = NO;
				CLANG_ANALYZER_NONNULL = YES;
				CLANG_CXX_LANGUAGE_STANDARD = "gnu++0x";
				CLANG_CXX_LIBRARY = "libc++";
				CLANG_ENABLE_MODULES = YES;
				CLANG_ENABLE_OBJC_ARC = YES;
				CLANG_WARN_BOOL_CONVERSION = YES;
				CLANG_WARN_CONSTANT_CONVERSION = YES;
				CLANG_WARN_DIRECT_OBJC_ISA_USAGE = YES_ERROR;
				CLANG_WARN_DOCUMENTATION_COMMENTS = YES;
				CLANG_WARN_EMPTY_BODY = YES;
				CLANG_WARN_ENUM_CONVERSION = YES;
				CLANG_WARN_INFINITE_RECURSION = YES;
				CLANG_WARN_INT_CONVERSION = YES;
				CLANG_WARN_OBJC_ROOT_CLASS = YES_ERROR;
				CLANG_WARN_SUSPICIOUS_MOVES = YES;
				CLANG_WARN_UNREACHABLE_CODE = YES;
				CLANG_WARN__DUPLICATE_METHOD_MATCH = YES;
				CODE_SIGN_IDENTITY = "-";
				COPY_PHASE_STRIP = NO;
				DEBUG_INFORMATION_FORMAT = "dwarf-with-dsym";
				ENABLE_NS_ASSERTIONS = NO;
				ENABLE_STRICT_OBJC_MSGSEND = YES;
				GCC_C_LANGUAGE_STANDARD = gnu99;
				GCC_NO_COMMON_BLOCKS = YES;
				GCC_WARN_64_TO_32_BIT_CONVERSION = YES;
				GCC_WARN_ABOUT_RETURN_TYPE = YES_ERROR;
				GCC_WARN_UNDECLARED_SELECTOR = YES;
				GCC_WARN_UNINITIALIZED_AUTOS = YES_AGGRESSIVE;
				GCC_WARN_UNUSED_FUNCTION = YES;
				GCC_WARN_UNUSED_VARIABLE = YES;
				MACOSX_DEPLOYMENT_TARGET = 10.12;
				MTL_ENABLE_DEBUG_INFO = NO;
				SDKROOT = macosx;
			};
			name = Release;
		};
		029CF2D71D9DA7900050F8CD /* Debug */ = {
			isa = XCBuildConfiguration;
			buildSettings = {
				PRODUCT_NAME = "$(TARGET_NAME)";
			};
			name = Debug;
		};
		029CF2D81D9DA7900050F8CD /* Release */ = {
			isa = XCBuildConfiguration;
			buildSettings = {
				PRODUCT_NAME = "$(TARGET_NAME)";
			};
			name = Release;
		};
/* End XCBuildConfiguration section */

/* Begin XCConfigurationList section */
		029CF2CA1D9DA7900050F8CD /* Build configuration list for PBXProject "Traductor" */ = {
			isa = XCConfigurationList;
			buildConfigurations = (
				029CF2D41D9DA7900050F8CD /* Debug */,
				029CF2D51D9DA7900050F8CD /* Release */,
			);
			defaultConfigurationIsVisible = 0;
			defaultConfigurationName = Release;
		};
		029CF2D61D9DA7900050F8CD /* Build configuration list for PBXNativeTarget "Traductor" */ = {
			isa = XCConfigurationList;
			buildConfigurations = (
				029CF2D71D9DA7900050F8CD /* Debug */,
				029CF2D81D9DA7900050F8CD /* Release */,
			);
			defaultConfigurationIsVisible = 0;
		};
/* End XCConfigurationList section */
	};
	rootObject = 029CF2C71D9DA7900050F8CD /* Project object */;
}
