// !$*UTF8*$!
{
	archiveVersion = 1;
	classes = {
	};
	objectVersion = 46;
	objects = {

/* Begin PBXBuildFile section */
		024B7D121D68B3AD00D246DD /* Funciones1.cpp in Sources */ = {isa = PBXBuildFile; fileRef = 024B7D0F1D68B3AD00D246DD /* Funciones1.cpp */; };
		024B7D131D68B3AD00D246DD /* main1.cpp in Sources */ = {isa = PBXBuildFile; fileRef = 024B7D111D68B3AD00D246DD /* main1.cpp */; };
/* End PBXBuildFile section */

/* Begin PBXCopyFilesBuildPhase section */
		024B7D001D67D07600D246DD /* CopyFiles */ = {
			isa = PBXCopyFilesBuildPhase;
			buildActionMask = 2147483647;
			dstPath = /usr/share/man/man1/;
			dstSubfolderSpec = 0;
			files = (
			);
			runOnlyForDeploymentPostprocessing = 1;
		};
/* End PBXCopyFilesBuildPhase section */

/* Begin PBXFileReference section */
		024B7D021D67D07600D246DD /* Parcial p2 */ = {isa = PBXFileReference; explicitFileType = "compiled.mach-o.executable"; includeInIndex = 0; path = "Parcial p2"; sourceTree = BUILT_PRODUCTS_DIR; };
		024B7D0F1D68B3AD00D246DD /* Funciones1.cpp */ = {isa = PBXFileReference; fileEncoding = 4; lastKnownFileType = sourcecode.cpp.cpp; path = Funciones1.cpp; sourceTree = "<group>"; };
		024B7D101D68B3AD00D246DD /* Funciones1.hpp */ = {isa = PBXFileReference; fileEncoding = 4; lastKnownFileType = sourcecode.cpp.h; path = Funciones1.hpp; sourceTree = "<group>"; };
		024B7D111D68B3AD00D246DD /* main1.cpp */ = {isa = PBXFileReference; fileEncoding = 4; lastKnownFileType = sourcecode.cpp.cpp; path = main1.cpp; sourceTree = "<group>"; };
/* End PBXFileReference section */

/* Begin PBXFrameworksBuildPhase section */
		024B7CFF1D67D07600D246DD /* Frameworks */ = {
			isa = PBXFrameworksBuildPhase;
			buildActionMask = 2147483647;
			files = (
			);
			runOnlyForDeploymentPostprocessing = 0;
		};
/* End PBXFrameworksBuildPhase section */

/* Begin PBXGroup section */
		024B7CF91D67D07600D246DD = {
			isa = PBXGroup;
			children = (
				024B7D041D67D07600D246DD /* Parcial p2 */,
				024B7D031D67D07600D246DD /* Products */,
			);
			sourceTree = "<group>";
		};
		024B7D031D67D07600D246DD /* Products */ = {
			isa = PBXGroup;
			children = (
				024B7D021D67D07600D246DD /* Parcial p2 */,
			);
			name = Products;
			sourceTree = "<group>";
		};
		024B7D041D67D07600D246DD /* Parcial p2 */ = {
			isa = PBXGroup;
			children = (
				024B7D0F1D68B3AD00D246DD /* Funciones1.cpp */,
				024B7D101D68B3AD00D246DD /* Funciones1.hpp */,
				024B7D111D68B3AD00D246DD /* main1.cpp */,
			);
			path = "Parcial p2";
			sourceTree = "<group>";
		};
/* End PBXGroup section */

/* Begin PBXNativeTarget section */
		024B7D011D67D07600D246DD /* Parcial p2 */ = {
			isa = PBXNativeTarget;
			buildConfigurationList = 024B7D091D67D07600D246DD /* Build configuration list for PBXNativeTarget "Parcial p2" */;
			buildPhases = (
				024B7CFE1D67D07600D246DD /* Sources */,
				024B7CFF1D67D07600D246DD /* Frameworks */,
				024B7D001D67D07600D246DD /* CopyFiles */,
			);
			buildRules = (
			);
			dependencies = (
			);
			name = "Parcial p2";
			productName = "Parcial p2";
			productReference = 024B7D021D67D07600D246DD /* Parcial p2 */;
			productType = "com.apple.product-type.tool";
		};
/* End PBXNativeTarget section */

/* Begin PBXProject section */
		024B7CFA1D67D07600D246DD /* Project object */ = {
			isa = PBXProject;
			attributes = {
				LastUpgradeCheck = 0730;
				ORGANIZATIONNAME = "Laura Juliana Mora";
				TargetAttributes = {
					024B7D011D67D07600D246DD = {
						CreatedOnToolsVersion = 7.3.1;
					};
				};
			};
			buildConfigurationList = 024B7CFD1D67D07600D246DD /* Build configuration list for PBXProject "Parcial p2" */;
			compatibilityVersion = "Xcode 3.2";
			developmentRegion = English;
			hasScannedForEncodings = 0;
			knownRegions = (
				en,
			);
			mainGroup = 024B7CF91D67D07600D246DD;
			productRefGroup = 024B7D031D67D07600D246DD /* Products */;
			projectDirPath = "";
			projectRoot = "";
			targets = (
				024B7D011D67D07600D246DD /* Parcial p2 */,
			);
		};
/* End PBXProject section */

/* Begin PBXSourcesBuildPhase section */
		024B7CFE1D67D07600D246DD /* Sources */ = {
			isa = PBXSourcesBuildPhase;
			buildActionMask = 2147483647;
			files = (
				024B7D131D68B3AD00D246DD /* main1.cpp in Sources */,
				024B7D121D68B3AD00D246DD /* Funciones1.cpp in Sources */,
			);
			runOnlyForDeploymentPostprocessing = 0;
		};
/* End PBXSourcesBuildPhase section */

/* Begin XCBuildConfiguration section */
		024B7D071D67D07600D246DD /* Debug */ = {
			isa = XCBuildConfiguration;
			buildSettings = {
				ALWAYS_SEARCH_USER_PATHS = NO;
				CLANG_ANALYZER_NONNULL = YES;
				CLANG_CXX_LANGUAGE_STANDARD = "gnu++0x";
				CLANG_CXX_LIBRARY = "libc++";
				CLANG_ENABLE_MODULES = YES;
				CLANG_ENABLE_OBJC_ARC = YES;
				CLANG_WARN_BOOL_CONVERSION = YES;
				CLANG_WARN_CONSTANT_CONVERSION = YES;
				CLANG_WARN_DIRECT_OBJC_ISA_USAGE = YES_ERROR;
				CLANG_WARN_EMPTY_BODY = YES;
				CLANG_WARN_ENUM_CONVERSION = YES;
				CLANG_WARN_INT_CONVERSION = YES;
				CLANG_WARN_OBJC_ROOT_CLASS = YES_ERROR;
				CLANG_WARN_UNREACHABLE_CODE = YES;
				CLANG_WARN__DUPLICATE_METHOD_MATCH = YES;
				CODE_SIGN_IDENTITY = "-";
				COPY_PHASE_STRIP = NO;
				DEBUG_INFORMATION_FORMAT = dwarf;
				ENABLE_STRICT_OBJC_MSGSEND = YES;
				ENABLE_TESTABILITY = YES;
				GCC_C_LANGUAGE_STANDARD = gnu99;
				GCC_DYNAMIC_NO_PIC = NO;
				GCC_NO_COMMON_BLOCKS = YES;
				GCC_OPTIMIZATION_LEVEL = 0;
				GCC_PREPROCESSOR_DEFINITIONS = (
					"DEBUG=1",
					"$(inherited)",
				);
				GCC_WARN_64_TO_32_BIT_CONVERSION = YES;
				GCC_WARN_ABOUT_RETURN_TYPE = YES_ERROR;
				GCC_WARN_UNDECLARED_SELECTOR = YES;
				GCC_WARN_UNINITIALIZED_AUTOS = YES_AGGRESSIVE;
				GCC_WARN_UNUSED_FUNCTION = YES;
				GCC_WARN_UNUSED_VARIABLE = YES;
				MACOSX_DEPLOYMENT_TARGET = 10.11;
				MTL_ENABLE_DEBUG_INFO = YES;
				ONLY_ACTIVE_ARCH = YES;
				SDKROOT = macosx;
			};
			name = Debug;
		};
		024B7D081D67D07600D246DD /* Release */ = {
			isa = XCBuildConfiguration;
			buildSettings = {
				ALWAYS_SEARCH_USER_PATHS = NO;
				CLANG_ANALYZER_NONNULL = YES;
				CLANG_CXX_LANGUAGE_STANDARD = "gnu++0x";
				CLANG_CXX_LIBRARY = "libc++";
				CLANG_ENABLE_MODULES = YES;
				CLANG_ENABLE_OBJC_ARC = YES;
				CLANG_WARN_BOOL_CONVERSION = YES;
				CLANG_WARN_CONSTANT_CONVERSION = YES;
				CLANG_WARN_DIRECT_OBJC_ISA_USAGE = YES_ERROR;
				CLANG_WARN_EMPTY_BODY = YES;
				CLANG_WARN_ENUM_CONVERSION = YES;
				CLANG_WARN_INT_CONVERSION = YES;
				CLANG_WARN_OBJC_ROOT_CLASS = YES_ERROR;
				CLANG_WARN_UNREACHABLE_CODE = YES;
				CLANG_WARN__DUPLICATE_METHOD_MATCH = YES;
				CODE_SIGN_IDENTITY = "-";
				COPY_PHASE_STRIP = NO;
				DEBUG_INFORMATION_FORMAT = "dwarf-with-dsym";
				ENABLE_NS_ASSERTIONS = NO;
				ENABLE_STRICT_OBJC_MSGSEND = YES;
				GCC_C_LANGUAGE_STANDARD = gnu99;
				GCC_NO_COMMON_BLOCKS = YES;
				GCC_WARN_64_TO_32_BIT_CONVERSION = YES;
				GCC_WARN_ABOUT_RETURN_TYPE = YES_ERROR;
				GCC_WARN_UNDECLARED_SELECTOR = YES;
				GCC_WARN_UNINITIALIZED_AUTOS = YES_AGGRESSIVE;
				GCC_WARN_UNUSED_FUNCTION = YES;
				GCC_WARN_UNUSED_VARIABLE = YES;
				MACOSX_DEPLOYMENT_TARGET = 10.11;
				MTL_ENABLE_DEBUG_INFO = NO;
				SDKROOT = macosx;
			};
			name = Release;
		};
		024B7D0A1D67D07600D246DD /* Debug */ = {
			isa = XCBuildConfiguration;
			buildSettings = {
				PRODUCT_NAME = "$(TARGET_NAME)";
			};
			name = Debug;
		};
		024B7D0B1D67D07600D246DD /* Release */ = {
			isa = XCBuildConfiguration;
			buildSettings = {
				PRODUCT_NAME = "$(TARGET_NAME)";
			};
			name = Release;
		};
/* End XCBuildConfiguration section */

/* Begin XCConfigurationList section */
		024B7CFD1D67D07600D246DD /* Build configuration list for PBXProject "Parcial p2" */ = {
			isa = XCConfigurationList;
			buildConfigurations = (
				024B7D071D67D07600D246DD /* Debug */,
				024B7D081D67D07600D246DD /* Release */,
			);
			defaultConfigurationIsVisible = 0;
			defaultConfigurationName = Release;
		};
		024B7D091D67D07600D246DD /* Build configuration list for PBXNativeTarget "Parcial p2" */ = {
			isa = XCConfigurationList;
			buildConfigurations = (
				024B7D0A1D67D07600D246DD /* Debug */,
				024B7D0B1D67D07600D246DD /* Release */,
			);
			defaultConfigurationIsVisible = 0;
			defaultConfigurationName = Release;
		};
/* End XCConfigurationList section */
	};
	rootObject = 024B7CFA1D67D07600D246DD /* Project object */;
}
