// !$*UTF8*$!
{
	archiveVersion = 1;
	classes = {
	};
	objectVersion = 46;
	objects = {

/* Begin PBXBuildFile section */
		0223CE801D3FCFCF000D79AA /* main.cpp in Sources */ = {isa = PBXBuildFile; fileRef = 0223CE7F1D3FCFCF000D79AA /* main.cpp */; };
		02ED94471D4AAC1600E3C684 /* Taller 02 pc .cpp in Sources */ = {isa = PBXBuildFile; fileRef = 02ED94451D4AAC1600E3C684 /* Taller 02 pc .cpp */; };
/* End PBXBuildFile section */

/* Begin PBXCopyFilesBuildPhase section */
		0223CE7A1D3FCFCF000D79AA /* CopyFiles */ = {
			isa = PBXCopyFilesBuildPhase;
			buildActionMask = 2147483647;
			dstPath = /usr/share/man/man1/;
			dstSubfolderSpec = 0;
			files = (
			);
			runOnlyForDeploymentPostprocessing = 1;
		};
/* End PBXCopyFilesBuildPhase section */

/* Begin PBXFileReference section */
		0223CE7C1D3FCFCF000D79AA /* PC */ = {isa = PBXFileReference; explicitFileType = "compiled.mach-o.executable"; includeInIndex = 0; path = PC; sourceTree = BUILT_PRODUCTS_DIR; };
		0223CE7F1D3FCFCF000D79AA /* main.cpp */ = {isa = PBXFileReference; lastKnownFileType = sourcecode.cpp.cpp; path = main.cpp; sourceTree = "<group>"; };
		02ED94451D4AAC1600E3C684 /* Taller 02 pc .cpp */ = {isa = PBXFileReference; fileEncoding = 4; lastKnownFileType = sourcecode.cpp.cpp; path = "Taller 02 pc .cpp"; sourceTree = "<group>"; };
		02ED94461D4AAC1600E3C684 /* Taller 02 pc .hpp */ = {isa = PBXFileReference; fileEncoding = 4; lastKnownFileType = sourcecode.cpp.h; path = "Taller 02 pc .hpp"; sourceTree = "<group>"; };
/* End PBXFileReference section */

/* Begin PBXFrameworksBuildPhase section */
		0223CE791D3FCFCF000D79AA /* Frameworks */ = {
			isa = PBXFrameworksBuildPhase;
			buildActionMask = 2147483647;
			files = (
			);
			runOnlyForDeploymentPostprocessing = 0;
		};
/* End PBXFrameworksBuildPhase section */

/* Begin PBXGroup section */
		0223CE731D3FCFCF000D79AA = {
			isa = PBXGroup;
			children = (
				0223CE7E1D3FCFCF000D79AA /* PC */,
				0223CE7D1D3FCFCF000D79AA /* Products */,
			);
			sourceTree = "<group>";
		};
		0223CE7D1D3FCFCF000D79AA /* Products */ = {
			isa = PBXGroup;
			children = (
				0223CE7C1D3FCFCF000D79AA /* PC */,
			);
			name = Products;
			sourceTree = "<group>";
		};
		0223CE7E1D3FCFCF000D79AA /* PC */ = {
			isa = PBXGroup;
			children = (
				0223CE7F1D3FCFCF000D79AA /* main.cpp */,
				02ED94451D4AAC1600E3C684 /* Taller 02 pc .cpp */,
				02ED94461D4AAC1600E3C684 /* Taller 02 pc .hpp */,
			);
			path = PC;
			sourceTree = "<group>";
		};
/* End PBXGroup section */

/* Begin PBXNativeTarget section */
		0223CE7B1D3FCFCF000D79AA /* PC */ = {
			isa = PBXNativeTarget;
			buildConfigurationList = 0223CE831D3FCFCF000D79AA /* Build configuration list for PBXNativeTarget "PC" */;
			buildPhases = (
				0223CE781D3FCFCF000D79AA /* Sources */,
				0223CE791D3FCFCF000D79AA /* Frameworks */,
				0223CE7A1D3FCFCF000D79AA /* CopyFiles */,
			);
			buildRules = (
			);
			dependencies = (
			);
			name = PC;
			productName = PC;
			productReference = 0223CE7C1D3FCFCF000D79AA /* PC */;
			productType = "com.apple.product-type.tool";
		};
/* End PBXNativeTarget section */

/* Begin PBXProject section */
		0223CE741D3FCFCF000D79AA /* Project object */ = {
			isa = PBXProject;
			attributes = {
				LastUpgradeCheck = 0730;
				ORGANIZATIONNAME = "Laura Juliana Mora";
				TargetAttributes = {
					0223CE7B1D3FCFCF000D79AA = {
						CreatedOnToolsVersion = 7.3.1;
					};
				};
			};
			buildConfigurationList = 0223CE771D3FCFCF000D79AA /* Build configuration list for PBXProject "PC" */;
			compatibilityVersion = "Xcode 3.2";
			developmentRegion = English;
			hasScannedForEncodings = 0;
			knownRegions = (
				en,
			);
			mainGroup = 0223CE731D3FCFCF000D79AA;
			productRefGroup = 0223CE7D1D3FCFCF000D79AA /* Products */;
			projectDirPath = "";
			projectRoot = "";
			targets = (
				0223CE7B1D3FCFCF000D79AA /* PC */,
			);
		};
/* End PBXProject section */

/* Begin PBXSourcesBuildPhase section */
		0223CE781D3FCFCF000D79AA /* Sources */ = {
			isa = PBXSourcesBuildPhase;
			buildActionMask = 2147483647;
			files = (
				0223CE801D3FCFCF000D79AA /* main.cpp in Sources */,
				02ED94471D4AAC1600E3C684 /* Taller 02 pc .cpp in Sources */,
			);
			runOnlyForDeploymentPostprocessing = 0;
		};
/* End PBXSourcesBuildPhase section */

/* Begin XCBuildConfiguration section */
		0223CE811D3FCFCF000D79AA /* Debug */ = {
			isa = XCBuildConfiguration;
			buildSettings = {
				ALWAYS_SEARCH_USER_PATHS = NO;
				CLANG_ANALYZER_NONNULL = YES;
				CLANG_CXX_LANGUAGE_STANDARD = "gnu++0x";
				CLANG_CXX_LIBRARY = "libc++";
				CLANG_ENABLE_MODULES = YES;
				CLANG_ENABLE_OBJC_ARC = YES;
				CLANG_WARN_BOOL_CONVERSION = YES;
				CLANG_WARN_CONSTANT_CONVERSION = YES;
				CLANG_WARN_DIRECT_OBJC_ISA_USAGE = YES_ERROR;
				CLANG_WARN_EMPTY_BODY = YES;
				CLANG_WARN_ENUM_CONVERSION = YES;
				CLANG_WARN_INT_CONVERSION = YES;
				CLANG_WARN_OBJC_ROOT_CLASS = YES_ERROR;
				CLANG_WARN_UNREACHABLE_CODE = YES;
				CLANG_WARN__DUPLICATE_METHOD_MATCH = YES;
				CODE_SIGN_IDENTITY = "-";
				COPY_PHASE_STRIP = NO;
				DEBUG_INFORMATION_FORMAT = dwarf;
				ENABLE_STRICT_OBJC_MSGSEND = YES;
				ENABLE_TESTABILITY = YES;
				GCC_C_LANGUAGE_STANDARD = gnu99;
				GCC_DYNAMIC_NO_PIC = NO;
				GCC_NO_COMMON_BLOCKS = YES;
				GCC_OPTIMIZATION_LEVEL = 0;
				GCC_PREPROCESSOR_DEFINITIONS = (
					"DEBUG=1",
					"$(inherited)",
				);
				GCC_WARN_64_TO_32_BIT_CONVERSION = YES;
				GCC_WARN_ABOUT_RETURN_TYPE = YES_ERROR;
				GCC_WARN_UNDECLARED_SELECTOR = YES;
				GCC_WARN_UNINITIALIZED_AUTOS = YES_AGGRESSIVE;
				GCC_WARN_UNUSED_FUNCTION = YES;
				GCC_WARN_UNUSED_VARIABLE = YES;
				MACOSX_DEPLOYMENT_TARGET = 10.11;
				MTL_ENABLE_DEBUG_INFO = YES;
				ONLY_ACTIVE_ARCH = YES;
				SDKROOT = macosx;
			};
			name = Debug;
		};
		0223CE821D3FCFCF000D79AA /* Release */ = {
			isa = XCBuildConfiguration;
			buildSettings = {
				ALWAYS_SEARCH_USER_PATHS = NO;
				CLANG_ANALYZER_NONNULL = YES;
				CLANG_CXX_LANGUAGE_STANDARD = "gnu++0x";
				CLANG_CXX_LIBRARY = "libc++";
				CLANG_ENABLE_MODULES = YES;
				CLANG_ENABLE_OBJC_ARC = YES;
				CLANG_WARN_BOOL_CONVERSION = YES;
				CLANG_WARN_CONSTANT_CONVERSION = YES;
				CLANG_WARN_DIRECT_OBJC_ISA_USAGE = YES_ERROR;
				CLANG_WARN_EMPTY_BODY = YES;
				CLANG_WARN_ENUM_CONVERSION = YES;
				CLANG_WARN_INT_CONVERSION = YES;
				CLANG_WARN_OBJC_ROOT_CLASS = YES_ERROR;
				CLANG_WARN_UNREACHABLE_CODE = YES;
				CLANG_WARN__DUPLICATE_METHOD_MATCH = YES;
				CODE_SIGN_IDENTITY = "-";
				COPY_PHASE_STRIP = NO;
				DEBUG_INFORMATION_FORMAT = "dwarf-with-dsym";
				ENABLE_NS_ASSERTIONS = NO;
				ENABLE_STRICT_OBJC_MSGSEND = YES;
				GCC_C_LANGUAGE_STANDARD = gnu99;
				GCC_NO_COMMON_BLOCKS = YES;
				GCC_WARN_64_TO_32_BIT_CONVERSION = YES;
				GCC_WARN_ABOUT_RETURN_TYPE = YES_ERROR;
				GCC_WARN_UNDECLARED_SELECTOR = YES;
				GCC_WARN_UNINITIALIZED_AUTOS = YES_AGGRESSIVE;
				GCC_WARN_UNUSED_FUNCTION = YES;
				GCC_WARN_UNUSED_VARIABLE = YES;
				MACOSX_DEPLOYMENT_TARGET = 10.11;
				MTL_ENABLE_DEBUG_INFO = NO;
				SDKROOT = macosx;
			};
			name = Release;
		};
		0223CE841D3FCFCF000D79AA /* Debug */ = {
			isa = XCBuildConfiguration;
			buildSettings = {
				PRODUCT_NAME = "$(TARGET_NAME)";
			};
			name = Debug;
		};
		0223CE851D3FCFCF000D79AA /* Release */ = {
			isa = XCBuildConfiguration;
			buildSettings = {
				PRODUCT_NAME = "$(TARGET_NAME)";
			};
			name = Release;
		};
/* End XCBuildConfiguration section */

/* Begin XCConfigurationList section */
		0223CE771D3FCFCF000D79AA /* Build configuration list for PBXProject "PC" */ = {
			isa = XCConfigurationList;
			buildConfigurations = (
				0223CE811D3FCFCF000D79AA /* Debug */,
				0223CE821D3FCFCF000D79AA /* Release */,
			);
			defaultConfigurationIsVisible = 0;
			defaultConfigurationName = Release;
		};
		0223CE831D3FCFCF000D79AA /* Build configuration list for PBXNativeTarget "PC" */ = {
			isa = XCConfigurationList;
			buildConfigurations = (
				0223CE841D3FCFCF000D79AA /* Debug */,
				0223CE851D3FCFCF000D79AA /* Release */,
			);
			defaultConfigurationIsVisible = 0;
			defaultConfigurationName = Release;
		};
/* End XCConfigurationList section */
	};
	rootObject = 0223CE741D3FCFCF000D79AA /* Project object */;
}
