// !$*UTF8*$!
{
	archiveVersion = 1;
	classes = {
	};
	objectVersion = 46;
	objects = {

/* Begin PBXBuildFile section */
		02CCC83D1D6F9C6E00D50AFF /* mainp2.cpp in Sources */ = {isa = PBXBuildFile; fileRef = 02CCC83C1D6F9C6E00D50AFF /* mainp2.cpp */; };
		02CCC8451D6F9C9700D50AFF /* Funciones_caracteresp2.cpp in Sources */ = {isa = PBXBuildFile; fileRef = 02CCC8431D6F9C9700D50AFF /* Funciones_caracteresp2.cpp */; };
/* End PBXBuildFile section */

/* Begin PBXCopyFilesBuildPhase section */
		02CCC8371D6F9C6E00D50AFF /* CopyFiles */ = {
			isa = PBXCopyFilesBuildPhase;
			buildActionMask = 2147483647;
			dstPath = /usr/share/man/man1/;
			dstSubfolderSpec = 0;
			files = (
			);
			runOnlyForDeploymentPostprocessing = 1;
		};
/* End PBXCopyFilesBuildPhase section */

/* Begin PBXFileReference section */
		02CCC8391D6F9C6E00D50AFF /* Cadenas caracteres */ = {isa = PBXFileReference; explicitFileType = "compiled.mach-o.executable"; includeInIndex = 0; path = "Cadenas caracteres"; sourceTree = BUILT_PRODUCTS_DIR; };
		02CCC83C1D6F9C6E00D50AFF /* mainp2.cpp */ = {isa = PBXFileReference; lastKnownFileType = sourcecode.cpp.cpp; path = mainp2.cpp; sourceTree = "<group>"; };
		02CCC8431D6F9C9700D50AFF /* Funciones_caracteresp2.cpp */ = {isa = PBXFileReference; fileEncoding = 4; lastKnownFileType = sourcecode.cpp.cpp; path = Funciones_caracteresp2.cpp; sourceTree = "<group>"; };
		02CCC8441D6F9C9700D50AFF /* Funciones_caracteresp2.hpp */ = {isa = PBXFileReference; fileEncoding = 4; lastKnownFileType = sourcecode.cpp.h; path = Funciones_caracteresp2.hpp; sourceTree = "<group>"; };
/* End PBXFileReference section */

/* Begin PBXFrameworksBuildPhase section */
		02CCC8361D6F9C6E00D50AFF /* Frameworks */ = {
			isa = PBXFrameworksBuildPhase;
			buildActionMask = 2147483647;
			files = (
			);
			runOnlyForDeploymentPostprocessing = 0;
		};
/* End PBXFrameworksBuildPhase section */

/* Begin PBXGroup section */
		02CCC8301D6F9C6E00D50AFF = {
			isa = PBXGroup;
			children = (
				02CCC83B1D6F9C6E00D50AFF /* Cadenas caracteres */,
				02CCC83A1D6F9C6E00D50AFF /* Products */,
			);
			sourceTree = "<group>";
		};
		02CCC83A1D6F9C6E00D50AFF /* Products */ = {
			isa = PBXGroup;
			children = (
				02CCC8391D6F9C6E00D50AFF /* Cadenas caracteres */,
			);
			name = Products;
			sourceTree = "<group>";
		};
		02CCC83B1D6F9C6E00D50AFF /* Cadenas caracteres */ = {
			isa = PBXGroup;
			children = (
				02CCC83C1D6F9C6E00D50AFF /* mainp2.cpp */,
				02CCC8431D6F9C9700D50AFF /* Funciones_caracteresp2.cpp */,
				02CCC8441D6F9C9700D50AFF /* Funciones_caracteresp2.hpp */,
			);
			path = "Cadenas caracteres";
			sourceTree = "<group>";
		};
/* End PBXGroup section */

/* Begin PBXNativeTarget section */
		02CCC8381D6F9C6E00D50AFF /* Cadenas caracteres */ = {
			isa = PBXNativeTarget;
			buildConfigurationList = 02CCC8401D6F9C6E00D50AFF /* Build configuration list for PBXNativeTarget "Cadenas caracteres" */;
			buildPhases = (
				02CCC8351D6F9C6E00D50AFF /* Sources */,
				02CCC8361D6F9C6E00D50AFF /* Frameworks */,
				02CCC8371D6F9C6E00D50AFF /* CopyFiles */,
			);
			buildRules = (
			);
			dependencies = (
			);
			name = "Cadenas caracteres";
			productName = "Cadenas caracteres";
			productReference = 02CCC8391D6F9C6E00D50AFF /* Cadenas caracteres */;
			productType = "com.apple.product-type.tool";
		};
/* End PBXNativeTarget section */

/* Begin PBXProject section */
		02CCC8311D6F9C6E00D50AFF /* Project object */ = {
			isa = PBXProject;
			attributes = {
				LastUpgradeCheck = 0730;
				ORGANIZATIONNAME = "Laura Juliana Mora";
				TargetAttributes = {
					02CCC8381D6F9C6E00D50AFF = {
						CreatedOnToolsVersion = 7.3.1;
					};
				};
			};
			buildConfigurationList = 02CCC8341D6F9C6E00D50AFF /* Build configuration list for PBXProject "Cadenas caracteres" */;
			compatibilityVersion = "Xcode 3.2";
			developmentRegion = English;
			hasScannedForEncodings = 0;
			knownRegions = (
				en,
			);
			mainGroup = 02CCC8301D6F9C6E00D50AFF;
			productRefGroup = 02CCC83A1D6F9C6E00D50AFF /* Products */;
			projectDirPath = "";
			projectRoot = "";
			targets = (
				02CCC8381D6F9C6E00D50AFF /* Cadenas caracteres */,
			);
		};
/* End PBXProject section */

/* Begin PBXSourcesBuildPhase section */
		02CCC8351D6F9C6E00D50AFF /* Sources */ = {
			isa = PBXSourcesBuildPhase;
			buildActionMask = 2147483647;
			files = (
				02CCC83D1D6F9C6E00D50AFF /* mainp2.cpp in Sources */,
				02CCC8451D6F9C9700D50AFF /* Funciones_caracteresp2.cpp in Sources */,
			);
			runOnlyForDeploymentPostprocessing = 0;
		};
/* End PBXSourcesBuildPhase section */

/* Begin XCBuildConfiguration section */
		02CCC83E1D6F9C6E00D50AFF /* Debug */ = {
			isa = XCBuildConfiguration;
			buildSettings = {
				ALWAYS_SEARCH_USER_PATHS = NO;
				CLANG_ANALYZER_NONNULL = YES;
				CLANG_CXX_LANGUAGE_STANDARD = "gnu++0x";
				CLANG_CXX_LIBRARY = "libc++";
				CLANG_ENABLE_MODULES = YES;
				CLANG_ENABLE_OBJC_ARC = YES;
				CLANG_WARN_BOOL_CONVERSION = YES;
				CLANG_WARN_CONSTANT_CONVERSION = YES;
				CLANG_WARN_DIRECT_OBJC_ISA_USAGE = YES_ERROR;
				CLANG_WARN_EMPTY_BODY = YES;
				CLANG_WARN_ENUM_CONVERSION = YES;
				CLANG_WARN_INT_CONVERSION = YES;
				CLANG_WARN_OBJC_ROOT_CLASS = YES_ERROR;
				CLANG_WARN_UNREACHABLE_CODE = YES;
				CLANG_WARN__DUPLICATE_METHOD_MATCH = YES;
				CODE_SIGN_IDENTITY = "-";
				COPY_PHASE_STRIP = NO;
				DEBUG_INFORMATION_FORMAT = dwarf;
				ENABLE_STRICT_OBJC_MSGSEND = YES;
				ENABLE_TESTABILITY = YES;
				GCC_C_LANGUAGE_STANDARD = gnu99;
				GCC_DYNAMIC_NO_PIC = NO;
				GCC_NO_COMMON_BLOCKS = YES;
				GCC_OPTIMIZATION_LEVEL = 0;
				GCC_PREPROCESSOR_DEFINITIONS = (
					"DEBUG=1",
					"$(inherited)",
				);
				GCC_WARN_64_TO_32_BIT_CONVERSION = YES;
				GCC_WARN_ABOUT_RETURN_TYPE = YES_ERROR;
				GCC_WARN_UNDECLARED_SELECTOR = YES;
				GCC_WARN_UNINITIALIZED_AUTOS = YES_AGGRESSIVE;
				GCC_WARN_UNUSED_FUNCTION = YES;
				GCC_WARN_UNUSED_VARIABLE = YES;
				MACOSX_DEPLOYMENT_TARGET = 10.11;
				MTL_ENABLE_DEBUG_INFO = YES;
				ONLY_ACTIVE_ARCH = YES;
				SDKROOT = macosx;
			};
			name = Debug;
		};
		02CCC83F1D6F9C6E00D50AFF /* Release */ = {
			isa = XCBuildConfiguration;
			buildSettings = {
				ALWAYS_SEARCH_USER_PATHS = NO;
				CLANG_ANALYZER_NONNULL = YES;
				CLANG_CXX_LANGUAGE_STANDARD = "gnu++0x";
				CLANG_CXX_LIBRARY = "libc++";
				CLANG_ENABLE_MODULES = YES;
				CLANG_ENABLE_OBJC_ARC = YES;
				CLANG_WARN_BOOL_CONVERSION = YES;
				CLANG_WARN_CONSTANT_CONVERSION = YES;
				CLANG_WARN_DIRECT_OBJC_ISA_USAGE = YES_ERROR;
				CLANG_WARN_EMPTY_BODY = YES;
				CLANG_WARN_ENUM_CONVERSION = YES;
				CLANG_WARN_INT_CONVERSION = YES;
				CLANG_WARN_OBJC_ROOT_CLASS = YES_ERROR;
				CLANG_WARN_UNREACHABLE_CODE = YES;
				CLANG_WARN__DUPLICATE_METHOD_MATCH = YES;
				CODE_SIGN_IDENTITY = "-";
				COPY_PHASE_STRIP = NO;
				DEBUG_INFORMATION_FORMAT = "dwarf-with-dsym";
				ENABLE_NS_ASSERTIONS = NO;
				ENABLE_STRICT_OBJC_MSGSEND = YES;
				GCC_C_LANGUAGE_STANDARD = gnu99;
				GCC_NO_COMMON_BLOCKS = YES;
				GCC_WARN_64_TO_32_BIT_CONVERSION = YES;
				GCC_WARN_ABOUT_RETURN_TYPE = YES_ERROR;
				GCC_WARN_UNDECLARED_SELECTOR = YES;
				GCC_WARN_UNINITIALIZED_AUTOS = YES_AGGRESSIVE;
				GCC_WARN_UNUSED_FUNCTION = YES;
				GCC_WARN_UNUSED_VARIABLE = YES;
				MACOSX_DEPLOYMENT_TARGET = 10.11;
				MTL_ENABLE_DEBUG_INFO = NO;
				SDKROOT = macosx;
			};
			name = Release;
		};
		02CCC8411D6F9C6E00D50AFF /* Debug */ = {
			isa = XCBuildConfiguration;
			buildSettings = {
				PRODUCT_NAME = "$(TARGET_NAME)";
			};
			name = Debug;
		};
		02CCC8421D6F9C6E00D50AFF /* Release */ = {
			isa = XCBuildConfiguration;
			buildSettings = {
				PRODUCT_NAME = "$(TARGET_NAME)";
			};
			name = Release;
		};
/* End XCBuildConfiguration section */

/* Begin XCConfigurationList section */
		02CCC8341D6F9C6E00D50AFF /* Build configuration list for PBXProject "Cadenas caracteres" */ = {
			isa = XCConfigurationList;
			buildConfigurations = (
				02CCC83E1D6F9C6E00D50AFF /* Debug */,
				02CCC83F1D6F9C6E00D50AFF /* Release */,
			);
			defaultConfigurationIsVisible = 0;
			defaultConfigurationName = Release;
		};
		02CCC8401D6F9C6E00D50AFF /* Build configuration list for PBXNativeTarget "Cadenas caracteres" */ = {
			isa = XCConfigurationList;
			buildConfigurations = (
				02CCC8411D6F9C6E00D50AFF /* Debug */,
				02CCC8421D6F9C6E00D50AFF /* Release */,
			);
			defaultConfigurationIsVisible = 0;
		};
/* End XCConfigurationList section */
	};
	rootObject = 02CCC8311D6F9C6E00D50AFF /* Project object */;
}
